
Microsoft Visual Studio Solution File, Format Version 12.00
# Visual Studio Version 16
VisualStudioVersion = 16.0.808.4
MinimumVisualStudioVersion = 10.0.40219.1
Project("{FAE04EC0-301F-11D3-BF4B-00C04F79EFBC}") = "BidOneApi", "BidOneApi\BidOneApi.csproj", "{582AD173-5310-4F3C-A7BF-803D54821DD8}"
EndProject
Global
	GlobalSection(SolutionConfigurationPlatforms) = preSolution
		Debug|Any CPU = Debug|Any CPU
		Release|Any CPU = Release|Any CPU
	EndGlobalSection
	GlobalSection(ProjectConfigurationPlatforms) = postSolution
		{582AD173-5310-4F3C-A7BF-803D54821DD8}.Debug|Any CPU.ActiveCfg = Debug|Any CPU
		{582AD173-5310-4F3C-A7BF-803D54821DD8}.Debug|Any CPU.Build.0 = Debug|Any CPU
		{582AD173-5310-4F3C-A7BF-803D54821DD8}.Release|Any CPU.ActiveCfg = Release|Any CPU
		{582AD173-5310-4F3C-A7BF-803D54821DD8}.Release|Any CPU.Build.0 = Release|Any CPU
	EndGlobalSection
	GlobalSection(SolutionProperties) = preSolution
		HideSolutionNode = FALSE
	EndGlobalSection
	GlobalSection(ExtensibilityGlobals) = postSolution
		SolutionGuid = {89136B6D-9F0F-4F0D-8734-B610F56FF02A}
	EndGlobalSection
EndGlobal
